
Microsoft Visual Studio Solution File, Format Version 12.00
# Visual Studio Version 17
VisualStudioVersion = 17.0.31903.59
MinimumVisualStudioVersion = 10.0.40219.1
Project("{FAE04EC0-301F-11D3-BF4B-00C04F79EFBC}") = "ClientApp", "ClientApp\ClientApp.csproj", "{45B98BE4-386A-4871-AB9D-A757D4173D0F}"
EndProject
Project("{FAE04EC0-301F-11D3-BF4B-00C04F79EFBC}") = "ServerApp", "ServerApp\ServerApp.csproj", "{EAB6B0E3-0AD9-4DBE-83D1-7A64DCCD500A}"
EndProject
Global
	GlobalSection(SolutionConfigurationPlatforms) = preSolution
		Debug|Any CPU = Debug|Any CPU
		Debug|x64 = Debug|x64
		Debug|x86 = Debug|x86
		Release|Any CPU = Release|Any CPU
		Release|x64 = Release|x64
		Release|x86 = Release|x86
	EndGlobalSection
	GlobalSection(ProjectConfigurationPlatforms) = postSolution
		{45B98BE4-386A-4871-AB9D-A757D4173D0F}.Debug|Any CPU.ActiveCfg = Debug|Any CPU
		{45B98BE4-386A-4871-AB9D-A757D4173D0F}.Debug|Any CPU.Build.0 = Debug|Any CPU
		{45B98BE4-386A-4871-AB9D-A757D4173D0F}.Debug|x64.ActiveCfg = Debug|Any CPU
		{45B98BE4-386A-4871-AB9D-A757D4173D0F}.Debug|x64.Build.0 = Debug|Any CPU
		{45B98BE4-386A-4871-AB9D-A757D4173D0F}.Debug|x86.ActiveCfg = Debug|Any CPU
		{45B98BE4-386A-4871-AB9D-A757D4173D0F}.Debug|x86.Build.0 = Debug|Any CPU
		{45B98BE4-386A-4871-AB9D-A757D4173D0F}.Release|Any CPU.ActiveCfg = Release|Any CPU
		{45B98BE4-386A-4871-AB9D-A757D4173D0F}.Release|Any CPU.Build.0 = Release|Any CPU
		{45B98BE4-386A-4871-AB9D-A757D4173D0F}.Release|x64.ActiveCfg = Release|Any CPU
		{45B98BE4-386A-4871-AB9D-A757D4173D0F}.Release|x64.Build.0 = Release|Any CPU
		{45B98BE4-386A-4871-AB9D-A757D4173D0F}.Release|x86.ActiveCfg = Release|Any CPU
		{45B98BE4-386A-4871-AB9D-A757D4173D0F}.Release|x86.Build.0 = Release|Any CPU
		{EAB6B0E3-0AD9-4DBE-83D1-7A64DCCD500A}.Debug|Any CPU.ActiveCfg = Debug|Any CPU
		{EAB6B0E3-0AD9-4DBE-83D1-7A64DCCD500A}.Debug|Any CPU.Build.0 = Debug|Any CPU
		{EAB6B0E3-0AD9-4DBE-83D1-7A64DCCD500A}.Debug|x64.ActiveCfg = Debug|Any CPU
		{EAB6B0E3-0AD9-4DBE-83D1-7A64DCCD500A}.Debug|x64.Build.0 = Debug|Any CPU
		{EAB6B0E3-0AD9-4DBE-83D1-7A64DCCD500A}.Debug|x86.ActiveCfg = Debug|Any CPU
		{EAB6B0E3-0AD9-4DBE-83D1-7A64DCCD500A}.Debug|x86.Build.0 = Debug|Any CPU
		{EAB6B0E3-0AD9-4DBE-83D1-7A64DCCD500A}.Release|Any CPU.ActiveCfg = Release|Any CPU
		{EAB6B0E3-0AD9-4DBE-83D1-7A64DCCD500A}.Release|Any CPU.Build.0 = Release|Any CPU
		{EAB6B0E3-0AD9-4DBE-83D1-7A64DCCD500A}.Release|x64.ActiveCfg = Release|Any CPU
		{EAB6B0E3-0AD9-4DBE-83D1-7A64DCCD500A}.Release|x64.Build.0 = Release|Any CPU
		{EAB6B0E3-0AD9-4DBE-83D1-7A64DCCD500A}.Release|x86.ActiveCfg = Release|Any CPU
		{EAB6B0E3-0AD9-4DBE-83D1-7A64DCCD500A}.Release|x86.Build.0 = Release|Any CPU
	EndGlobalSection
	GlobalSection(SolutionProperties) = preSolution
		HideSolutionNode = FALSE
	EndGlobalSection
EndGlobal
